
Microsoft Visual Studio Solution File, Format Version 12.00
# Visual Studio Version 17
VisualStudioVersion = 17.0.31903.59
MinimumVisualStudioVersion = 10.0.40219.1
Project("{FAE04EC0-301F-11D3-BF4B-00C04F79EFBC}") = "Library.Webapp", "Library.Webapp\Library.Webapp.csproj", "{E9AD4E85-47DF-4AC8-BDF0-2F8BC0CC29A7}"
EndProject
Project("{FAE04EC0-301F-11D3-BF4B-00C04F79EFBC}") = "Library.Application", "Library.Application\Library.Application.csproj", "{781B79D5-5F84-4113-924E-1E3BA8BBB319}"
EndProject
Project("{FAE04EC0-301F-11D3-BF4B-00C04F79EFBC}") = "Library.Test", "Library.Test\Library.Test.csproj", "{28081F0E-61A1-4536-A1DF-C14CBDDEDFC2}"
EndProject
Global
	GlobalSection(SolutionConfigurationPlatforms) = preSolution
		Debug|Any CPU = Debug|Any CPU
		Release|Any CPU = Release|Any CPU
	EndGlobalSection
	GlobalSection(SolutionProperties) = preSolution
		HideSolutionNode = FALSE
	EndGlobalSection
	GlobalSection(ProjectConfigurationPlatforms) = postSolution
		{E9AD4E85-47DF-4AC8-BDF0-2F8BC0CC29A7}.Debug|Any CPU.ActiveCfg = Debug|Any CPU
		{E9AD4E85-47DF-4AC8-BDF0-2F8BC0CC29A7}.Debug|Any CPU.Build.0 = Debug|Any CPU
		{E9AD4E85-47DF-4AC8-BDF0-2F8BC0CC29A7}.Release|Any CPU.ActiveCfg = Release|Any CPU
		{E9AD4E85-47DF-4AC8-BDF0-2F8BC0CC29A7}.Release|Any CPU.Build.0 = Release|Any CPU
		{781B79D5-5F84-4113-924E-1E3BA8BBB319}.Debug|Any CPU.ActiveCfg = Debug|Any CPU
		{781B79D5-5F84-4113-924E-1E3BA8BBB319}.Debug|Any CPU.Build.0 = Debug|Any CPU
		{781B79D5-5F84-4113-924E-1E3BA8BBB319}.Release|Any CPU.ActiveCfg = Release|Any CPU
		{781B79D5-5F84-4113-924E-1E3BA8BBB319}.Release|Any CPU.Build.0 = Release|Any CPU
		{28081F0E-61A1-4536-A1DF-C14CBDDEDFC2}.Debug|Any CPU.ActiveCfg = Debug|Any CPU
		{28081F0E-61A1-4536-A1DF-C14CBDDEDFC2}.Debug|Any CPU.Build.0 = Debug|Any CPU
		{28081F0E-61A1-4536-A1DF-C14CBDDEDFC2}.Release|Any CPU.ActiveCfg = Release|Any CPU
		{28081F0E-61A1-4536-A1DF-C14CBDDEDFC2}.Release|Any CPU.Build.0 = Release|Any CPU
	EndGlobalSection
EndGlobal
